
Microsoft Visual Studio Solution File, Format Version 12.00
# Visual Studio Version 17
VisualStudioVersion = 17.0.31903.59
MinimumVisualStudioVersion = 10.0.40219.1
Project("{FAE04EC0-301F-11D3-BF4B-00C04F79EFBC}") = "Inventory.API", "Inventory.API\Inventory.API.csproj", "{654D72E7-1AB1-40F8-BAB8-832DD94427EE}"
EndProject
Project("{FAE04EC0-301F-11D3-BF4B-00C04F79EFBC}") = "Inventory.MobileApp", "Inventory.MobileApp\Inventory.MobileApp.csproj", "{029E3EC3-05A4-4E76-A9CA-284A915F280D}"
EndProject
Global
	GlobalSection(SolutionConfigurationPlatforms) = preSolution
		Debug|Any CPU = Debug|Any CPU
		Release|Any CPU = Release|Any CPU
	EndGlobalSection
	GlobalSection(SolutionProperties) = preSolution
		HideSolutionNode = FALSE
	EndGlobalSection
	GlobalSection(ProjectConfigurationPlatforms) = postSolution
		{654D72E7-1AB1-40F8-BAB8-832DD94427EE}.Debug|Any CPU.ActiveCfg = Debug|Any CPU
		{654D72E7-1AB1-40F8-BAB8-832DD94427EE}.Debug|Any CPU.Build.0 = Debug|Any CPU
		{654D72E7-1AB1-40F8-BAB8-832DD94427EE}.Release|Any CPU.ActiveCfg = Release|Any CPU
		{654D72E7-1AB1-40F8-BAB8-832DD94427EE}.Release|Any CPU.Build.0 = Release|Any CPU
		{029E3EC3-05A4-4E76-A9CA-284A915F280D}.Debug|Any CPU.ActiveCfg = Debug|Any CPU
		{029E3EC3-05A4-4E76-A9CA-284A915F280D}.Debug|Any CPU.Build.0 = Debug|Any CPU
		{029E3EC3-05A4-4E76-A9CA-284A915F280D}.Release|Any CPU.ActiveCfg = Release|Any CPU
		{029E3EC3-05A4-4E76-A9CA-284A915F280D}.Release|Any CPU.Build.0 = Release|Any CPU
	EndGlobalSection
EndGlobal
